
Microsoft Visual Studio Solution File, Format Version 12.00
# Visual Studio Version 17
VisualStudioVersion = 17.0.32112.339
MinimumVisualStudioVersion = 10.0.40219.1
Project("{2150E333-8FDC-42A3-9474-1A3956D46DE8}") = "M002", "M002", "{8D8ABE8B-318A-4908-BA58-9C80F9C350BA}"
EndProject
Project("{9A19103F-16F7-4668-BE54-9A1E7A4F7556}") = "M002", "M002\M002.csproj", "{55846FB2-E05D-468A-B84A-04C8BA94CDAA}"
EndProject
Project("{2150E333-8FDC-42A3-9474-1A3956D46DE8}") = "M001", "M001", "{B02610ED-5AC1-463F-B108-B3311A6902AF}"
EndProject
Project("{9A19103F-16F7-4668-BE54-9A1E7A4F7556}") = "M001", "M001\M001.csproj", "{0BCFFAED-7E6E-456F-A511-AB40902AFAC1}"
EndProject
Project("{2150E333-8FDC-42A3-9474-1A3956D46DE8}") = "M003", "M003", "{1DED2883-F391-426E-811E-7A5EE456C77E}"
EndProject
Project("{9A19103F-16F7-4668-BE54-9A1E7A4F7556}") = "M003", "M003\M003.csproj", "{B546727D-E9A5-4655-B383-349EBF6E3420}"
EndProject
Project("{2150E333-8FDC-42A3-9474-1A3956D46DE8}") = "M004", "M004", "{8375C4BF-8F74-454C-A831-40F55F75A684}"
EndProject
Project("{9A19103F-16F7-4668-BE54-9A1E7A4F7556}") = "M004", "M004\M004.csproj", "{02FEED26-58D1-47A9-9219-308E52946F2B}"
EndProject
Project("{2150E333-8FDC-42A3-9474-1A3956D46DE8}") = "M005", "M005", "{F88C07CE-1167-4676-BF39-FA725B196956}"
EndProject
Project("{9A19103F-16F7-4668-BE54-9A1E7A4F7556}") = "M005", "M005\M005.csproj", "{EE1CB9C3-888E-4B3C-9C90-CB0EE89148D5}"
EndProject
Project("{2150E333-8FDC-42A3-9474-1A3956D46DE8}") = "M006", "M006", "{D4E439D6-320D-4F06-8AAA-807E24A4C6BF}"
EndProject
Project("{9A19103F-16F7-4668-BE54-9A1E7A4F7556}") = "M006", "M006\M006.csproj", "{0E60804F-0125-40FE-B9B1-A7A682345AC5}"
EndProject
Project("{2150E333-8FDC-42A3-9474-1A3956D46DE8}") = "M007", "M007", "{35A5C78C-3544-4F58-A494-C4488296CB6B}"
EndProject
Project("{9A19103F-16F7-4668-BE54-9A1E7A4F7556}") = "M007", "M007\M007.csproj", "{03B3D50C-0915-4D63-81EB-968BBBFEFD64}"
EndProject
Project("{2150E333-8FDC-42A3-9474-1A3956D46DE8}") = "M008", "M008", "{BCD6822B-3E52-47B7-833F-8FF1E3F1DB2C}"
EndProject
Project("{9A19103F-16F7-4668-BE54-9A1E7A4F7556}") = "M008", "M008\M008.csproj", "{85CDB7E4-1D3E-46BF-BC3B-EF83F60EB8D3}"
EndProject
Project("{2150E333-8FDC-42A3-9474-1A3956D46DE8}") = "M009", "M009", "{FFDC08FE-FED9-4A8B-8385-003462379D20}"
EndProject
Project("{9A19103F-16F7-4668-BE54-9A1E7A4F7556}") = "M009", "M009\M009.csproj", "{2E6042EF-7F88-4F56-86B4-08D3821E48D0}"
EndProject
Project("{2150E333-8FDC-42A3-9474-1A3956D46DE8}") = "M010", "M010", "{81BEBA3F-656F-496F-BB75-B1CEDDFBE515}"
EndProject
Project("{9A19103F-16F7-4668-BE54-9A1E7A4F7556}") = "M010", "M010\M010.csproj", "{EEC1403F-6FE9-4BF8-902A-E8EF55AC4F8C}"
EndProject
Project("{2150E333-8FDC-42A3-9474-1A3956D46DE8}") = "M011", "M011", "{EF06B860-370F-40DD-9009-89B7125D1201}"
EndProject
Project("{9A19103F-16F7-4668-BE54-9A1E7A4F7556}") = "M011", "M011\M011.csproj", "{A1854F8A-22A3-4B52-93F1-652E66B82318}"
EndProject
Project("{2150E333-8FDC-42A3-9474-1A3956D46DE8}") = "M012", "M012", "{203AAB62-C694-498A-83F0-DB40E7420B41}"
EndProject
Project("{FAE04EC0-301F-11D3-BF4B-00C04F79EFBC}") = "M012", "M012\M012.csproj", "{BF4A3ADF-6477-4034-AF7B-99C8F256BD9B}"
EndProject
Project("{FAE04EC0-301F-11D3-BF4B-00C04F79EFBC}") = "RechnerTest", "RechnerTest\RechnerTest.csproj", "{F20DD15F-12C6-4492-958A-BFA44875958F}"
EndProject
Project("{2150E333-8FDC-42A3-9474-1A3956D46DE8}") = "M015", "M015", "{CA1C4391-E80C-46BF-BDD2-2D9E2788439D}"
EndProject
Project("{FAE04EC0-301F-11D3-BF4B-00C04F79EFBC}") = "M015", "M015\M015.csproj", "{83C86347-AEE6-4C90-9D21-5E51DA4EA806}"
EndProject
Global
	GlobalSection(SolutionConfigurationPlatforms) = preSolution
		Debug|Any CPU = Debug|Any CPU
		Release|Any CPU = Release|Any CPU
	EndGlobalSection
	GlobalSection(ProjectConfigurationPlatforms) = postSolution
		{55846FB2-E05D-468A-B84A-04C8BA94CDAA}.Debug|Any CPU.ActiveCfg = Debug|Any CPU
		{55846FB2-E05D-468A-B84A-04C8BA94CDAA}.Debug|Any CPU.Build.0 = Debug|Any CPU
		{55846FB2-E05D-468A-B84A-04C8BA94CDAA}.Release|Any CPU.ActiveCfg = Release|Any CPU
		{55846FB2-E05D-468A-B84A-04C8BA94CDAA}.Release|Any CPU.Build.0 = Release|Any CPU
		{0BCFFAED-7E6E-456F-A511-AB40902AFAC1}.Debug|Any CPU.ActiveCfg = Debug|Any CPU
		{0BCFFAED-7E6E-456F-A511-AB40902AFAC1}.Debug|Any CPU.Build.0 = Debug|Any CPU
		{0BCFFAED-7E6E-456F-A511-AB40902AFAC1}.Release|Any CPU.ActiveCfg = Release|Any CPU
		{0BCFFAED-7E6E-456F-A511-AB40902AFAC1}.Release|Any CPU.Build.0 = Release|Any CPU
		{B546727D-E9A5-4655-B383-349EBF6E3420}.Debug|Any CPU.ActiveCfg = Debug|Any CPU
		{B546727D-E9A5-4655-B383-349EBF6E3420}.Debug|Any CPU.Build.0 = Debug|Any CPU
		{B546727D-E9A5-4655-B383-349EBF6E3420}.Release|Any CPU.ActiveCfg = Release|Any CPU
		{B546727D-E9A5-4655-B383-349EBF6E3420}.Release|Any CPU.Build.0 = Release|Any CPU
		{02FEED26-58D1-47A9-9219-308E52946F2B}.Debug|Any CPU.ActiveCfg = Debug|Any CPU
		{02FEED26-58D1-47A9-9219-308E52946F2B}.Debug|Any CPU.Build.0 = Debug|Any CPU
		{02FEED26-58D1-47A9-9219-308E52946F2B}.Release|Any CPU.ActiveCfg = Release|Any CPU
		{02FEED26-58D1-47A9-9219-308E52946F2B}.Release|Any CPU.Build.0 = Release|Any CPU
		{EE1CB9C3-888E-4B3C-9C90-CB0EE89148D5}.Debug|Any CPU.ActiveCfg = Debug|Any CPU
		{EE1CB9C3-888E-4B3C-9C90-CB0EE89148D5}.Debug|Any CPU.Build.0 = Debug|Any CPU
		{EE1CB9C3-888E-4B3C-9C90-CB0EE89148D5}.Release|Any CPU.ActiveCfg = Release|Any CPU
		{EE1CB9C3-888E-4B3C-9C90-CB0EE89148D5}.Release|Any CPU.Build.0 = Release|Any CPU
		{0E60804F-0125-40FE-B9B1-A7A682345AC5}.Debug|Any CPU.ActiveCfg = Debug|Any CPU
		{0E60804F-0125-40FE-B9B1-A7A682345AC5}.Debug|Any CPU.Build.0 = Debug|Any CPU
		{0E60804F-0125-40FE-B9B1-A7A682345AC5}.Release|Any CPU.ActiveCfg = Release|Any CPU
		{0E60804F-0125-40FE-B9B1-A7A682345AC5}.Release|Any CPU.Build.0 = Release|Any CPU
		{03B3D50C-0915-4D63-81EB-968BBBFEFD64}.Debug|Any CPU.ActiveCfg = Debug|Any CPU
		{03B3D50C-0915-4D63-81EB-968BBBFEFD64}.Debug|Any CPU.Build.0 = Debug|Any CPU
		{03B3D50C-0915-4D63-81EB-968BBBFEFD64}.Release|Any CPU.ActiveCfg = Release|Any CPU
		{03B3D50C-0915-4D63-81EB-968BBBFEFD64}.Release|Any CPU.Build.0 = Release|Any CPU
		{85CDB7E4-1D3E-46BF-BC3B-EF83F60EB8D3}.Debug|Any CPU.ActiveCfg = Debug|Any CPU
		{85CDB7E4-1D3E-46BF-BC3B-EF83F60EB8D3}.Debug|Any CPU.Build.0 = Debug|Any CPU
		{85CDB7E4-1D3E-46BF-BC3B-EF83F60EB8D3}.Release|Any CPU.ActiveCfg = Release|Any CPU
		{85CDB7E4-1D3E-46BF-BC3B-EF83F60EB8D3}.Release|Any CPU.Build.0 = Release|Any CPU
		{2E6042EF-7F88-4F56-86B4-08D3821E48D0}.Debug|Any CPU.ActiveCfg = Debug|Any CPU
		{2E6042EF-7F88-4F56-86B4-08D3821E48D0}.Debug|Any CPU.Build.0 = Debug|Any CPU
		{2E6042EF-7F88-4F56-86B4-08D3821E48D0}.Release|Any CPU.ActiveCfg = Release|Any CPU
		{2E6042EF-7F88-4F56-86B4-08D3821E48D0}.Release|Any CPU.Build.0 = Release|Any CPU
		{EEC1403F-6FE9-4BF8-902A-E8EF55AC4F8C}.Debug|Any CPU.ActiveCfg = Debug|Any CPU
		{EEC1403F-6FE9-4BF8-902A-E8EF55AC4F8C}.Debug|Any CPU.Build.0 = Debug|Any CPU
		{EEC1403F-6FE9-4BF8-902A-E8EF55AC4F8C}.Release|Any CPU.ActiveCfg = Release|Any CPU
		{EEC1403F-6FE9-4BF8-902A-E8EF55AC4F8C}.Release|Any CPU.Build.0 = Release|Any CPU
		{A1854F8A-22A3-4B52-93F1-652E66B82318}.Debug|Any CPU.ActiveCfg = Debug|Any CPU
		{A1854F8A-22A3-4B52-93F1-652E66B82318}.Debug|Any CPU.Build.0 = Debug|Any CPU
		{A1854F8A-22A3-4B52-93F1-652E66B82318}.Release|Any CPU.ActiveCfg = Release|Any CPU
		{A1854F8A-22A3-4B52-93F1-652E66B82318}.Release|Any CPU.Build.0 = Release|Any CPU
		{BF4A3ADF-6477-4034-AF7B-99C8F256BD9B}.Debug|Any CPU.ActiveCfg = Debug|Any CPU
		{BF4A3ADF-6477-4034-AF7B-99C8F256BD9B}.Debug|Any CPU.Build.0 = Debug|Any CPU
		{BF4A3ADF-6477-4034-AF7B-99C8F256BD9B}.Release|Any CPU.ActiveCfg = Release|Any CPU
		{BF4A3ADF-6477-4034-AF7B-99C8F256BD9B}.Release|Any CPU.Build.0 = Release|Any CPU
		{F20DD15F-12C6-4492-958A-BFA44875958F}.Debug|Any CPU.ActiveCfg = Debug|Any CPU
		{F20DD15F-12C6-4492-958A-BFA44875958F}.Debug|Any CPU.Build.0 = Debug|Any CPU
		{F20DD15F-12C6-4492-958A-BFA44875958F}.Release|Any CPU.ActiveCfg = Release|Any CPU
		{F20DD15F-12C6-4492-958A-BFA44875958F}.Release|Any CPU.Build.0 = Release|Any CPU
		{83C86347-AEE6-4C90-9D21-5E51DA4EA806}.Debug|Any CPU.ActiveCfg = Debug|Any CPU
		{83C86347-AEE6-4C90-9D21-5E51DA4EA806}.Debug|Any CPU.Build.0 = Debug|Any CPU
		{83C86347-AEE6-4C90-9D21-5E51DA4EA806}.Release|Any CPU.ActiveCfg = Release|Any CPU
		{83C86347-AEE6-4C90-9D21-5E51DA4EA806}.Release|Any CPU.Build.0 = Release|Any CPU
	EndGlobalSection
	GlobalSection(SolutionProperties) = preSolution
		HideSolutionNode = FALSE
	EndGlobalSection
	GlobalSection(NestedProjects) = preSolution
		{55846FB2-E05D-468A-B84A-04C8BA94CDAA} = {8D8ABE8B-318A-4908-BA58-9C80F9C350BA}
		{0BCFFAED-7E6E-456F-A511-AB40902AFAC1} = {B02610ED-5AC1-463F-B108-B3311A6902AF}
		{B546727D-E9A5-4655-B383-349EBF6E3420} = {1DED2883-F391-426E-811E-7A5EE456C77E}
		{02FEED26-58D1-47A9-9219-308E52946F2B} = {8375C4BF-8F74-454C-A831-40F55F75A684}
		{EE1CB9C3-888E-4B3C-9C90-CB0EE89148D5} = {F88C07CE-1167-4676-BF39-FA725B196956}
		{0E60804F-0125-40FE-B9B1-A7A682345AC5} = {D4E439D6-320D-4F06-8AAA-807E24A4C6BF}
		{03B3D50C-0915-4D63-81EB-968BBBFEFD64} = {35A5C78C-3544-4F58-A494-C4488296CB6B}
		{85CDB7E4-1D3E-46BF-BC3B-EF83F60EB8D3} = {BCD6822B-3E52-47B7-833F-8FF1E3F1DB2C}
		{2E6042EF-7F88-4F56-86B4-08D3821E48D0} = {FFDC08FE-FED9-4A8B-8385-003462379D20}
		{EEC1403F-6FE9-4BF8-902A-E8EF55AC4F8C} = {81BEBA3F-656F-496F-BB75-B1CEDDFBE515}
		{A1854F8A-22A3-4B52-93F1-652E66B82318} = {EF06B860-370F-40DD-9009-89B7125D1201}
		{BF4A3ADF-6477-4034-AF7B-99C8F256BD9B} = {203AAB62-C694-498A-83F0-DB40E7420B41}
		{F20DD15F-12C6-4492-958A-BFA44875958F} = {203AAB62-C694-498A-83F0-DB40E7420B41}
		{83C86347-AEE6-4C90-9D21-5E51DA4EA806} = {CA1C4391-E80C-46BF-BDD2-2D9E2788439D}
	EndGlobalSection
	GlobalSection(ExtensibilityGlobals) = postSolution
		SolutionGuid = {B836858C-3D40-4CD3-9844-37B7A15EB0FF}
	EndGlobalSection
EndGlobal
